
Microsoft Visual Studio Solution File, Format Version 12.00
# Visual Studio 15
VisualStudioVersion = 15.0.28307.1433
MinimumVisualStudioVersion = 10.0.40219.1
Project("{8BC9CEB8-8B4A-11D0-8D11-00A0C91BC942}") = "Project1", "Project1\Project1.vcxproj", "{63E557CE-7C7B-4029-A45C-7E1FF7EB9E8A}"
EndProject
Project("{8BC9CEB8-8B4A-11D0-8D11-00A0C91BC942}") = "谓词", "谓词\谓词.vcxproj", "{8E34A742-0670-42C1-ABDC-817A37162E2C}"
EndProject
Project("{8BC9CEB8-8B4A-11D0-8D11-00A0C91BC942}") = "STL-仿函数", "STL-仿函数\STL-仿函数.vcxproj", "{DAFE18BB-1CB6-40DF-8203-466B6D2FC864}"
EndProject
Global
	GlobalSection(SolutionConfigurationPlatforms) = preSolution
		Debug|x64 = Debug|x64
		Debug|x86 = Debug|x86
		Release|x64 = Release|x64
		Release|x86 = Release|x86
	EndGlobalSection
	GlobalSection(ProjectConfigurationPlatforms) = postSolution
		{63E557CE-7C7B-4029-A45C-7E1FF7EB9E8A}.Debug|x64.ActiveCfg = Debug|x64
		{63E557CE-7C7B-4029-A45C-7E1FF7EB9E8A}.Debug|x64.Build.0 = Debug|x64
		{63E557CE-7C7B-4029-A45C-7E1FF7EB9E8A}.Debug|x86.ActiveCfg = Debug|Win32
		{63E557CE-7C7B-4029-A45C-7E1FF7EB9E8A}.Debug|x86.Build.0 = Debug|Win32
		{63E557CE-7C7B-4029-A45C-7E1FF7EB9E8A}.Release|x64.ActiveCfg = Release|x64
		{63E557CE-7C7B-4029-A45C-7E1FF7EB9E8A}.Release|x64.Build.0 = Release|x64
		{63E557CE-7C7B-4029-A45C-7E1FF7EB9E8A}.Release|x86.ActiveCfg = Release|Win32
		{63E557CE-7C7B-4029-A45C-7E1FF7EB9E8A}.Release|x86.Build.0 = Release|Win32
		{8E34A742-0670-42C1-ABDC-817A37162E2C}.Debug|x64.ActiveCfg = Debug|x64
		{8E34A742-0670-42C1-ABDC-817A37162E2C}.Debug|x64.Build.0 = Debug|x64
		{8E34A742-0670-42C1-ABDC-817A37162E2C}.Debug|x86.ActiveCfg = Debug|Win32
		{8E34A742-0670-42C1-ABDC-817A37162E2C}.Debug|x86.Build.0 = Debug|Win32
		{8E34A742-0670-42C1-ABDC-817A37162E2C}.Release|x64.ActiveCfg = Release|x64
		{8E34A742-0670-42C1-ABDC-817A37162E2C}.Release|x64.Build.0 = Release|x64
		{8E34A742-0670-42C1-ABDC-817A37162E2C}.Release|x86.ActiveCfg = Release|Win32
		{8E34A742-0670-42C1-ABDC-817A37162E2C}.Release|x86.Build.0 = Release|Win32
		{DAFE18BB-1CB6-40DF-8203-466B6D2FC864}.Debug|x64.ActiveCfg = Debug|x64
		{DAFE18BB-1CB6-40DF-8203-466B6D2FC864}.Debug|x64.Build.0 = Debug|x64
		{DAFE18BB-1CB6-40DF-8203-466B6D2FC864}.Debug|x86.ActiveCfg = Debug|Win32
		{DAFE18BB-1CB6-40DF-8203-466B6D2FC864}.Debug|x86.Build.0 = Debug|Win32
		{DAFE18BB-1CB6-40DF-8203-466B6D2FC864}.Release|x64.ActiveCfg = Release|x64
		{DAFE18BB-1CB6-40DF-8203-466B6D2FC864}.Release|x64.Build.0 = Release|x64
		{DAFE18BB-1CB6-40DF-8203-466B6D2FC864}.Release|x86.ActiveCfg = Release|Win32
		{DAFE18BB-1CB6-40DF-8203-466B6D2FC864}.Release|x86.Build.0 = Release|Win32
	EndGlobalSection
	GlobalSection(SolutionProperties) = preSolution
		HideSolutionNode = FALSE
	EndGlobalSection
	GlobalSection(ExtensibilityGlobals) = postSolution
		SolutionGuid = {C6288372-EE63-42E7-A67A-75745D051EA1}
	EndGlobalSection
EndGlobal
