
Microsoft Visual Studio Solution File, Format Version 12.00
# Visual Studio 15
VisualStudioVersion = 15.0.28307.1433
MinimumVisualStudioVersion = 10.0.40219.1
Project("{8BC9CEB8-8B4A-11D0-8D11-00A0C91BC942}") = "cpp", "cpp\cpp.vcxproj", "{AE345892-86EF-466A-A296-5E5B483F04D3}"
EndProject
Project("{8BC9CEB8-8B4A-11D0-8D11-00A0C91BC942}") = "通讯录", "通讯录\通讯录.vcxproj", "{271D775F-258C-40D5-BD96-A2B8656F38AC}"
EndProject
Project("{8BC9CEB8-8B4A-11D0-8D11-00A0C91BC942}") = "cpp核心", "cpp核心\cpp核心.vcxproj", "{B30DAD85-C354-47B2-A3E1-CC183E3A95EE}"
EndProject
Global
	GlobalSection(SolutionConfigurationPlatforms) = preSolution
		Debug|x64 = Debug|x64
		Debug|x86 = Debug|x86
		Release|x64 = Release|x64
		Release|x86 = Release|x86
	EndGlobalSection
	GlobalSection(ProjectConfigurationPlatforms) = postSolution
		{AE345892-86EF-466A-A296-5E5B483F04D3}.Debug|x64.ActiveCfg = Debug|x64
		{AE345892-86EF-466A-A296-5E5B483F04D3}.Debug|x64.Build.0 = Debug|x64
		{AE345892-86EF-466A-A296-5E5B483F04D3}.Debug|x86.ActiveCfg = Debug|Win32
		{AE345892-86EF-466A-A296-5E5B483F04D3}.Debug|x86.Build.0 = Debug|Win32
		{AE345892-86EF-466A-A296-5E5B483F04D3}.Release|x64.ActiveCfg = Release|x64
		{AE345892-86EF-466A-A296-5E5B483F04D3}.Release|x64.Build.0 = Release|x64
		{AE345892-86EF-466A-A296-5E5B483F04D3}.Release|x86.ActiveCfg = Release|Win32
		{AE345892-86EF-466A-A296-5E5B483F04D3}.Release|x86.Build.0 = Release|Win32
		{271D775F-258C-40D5-BD96-A2B8656F38AC}.Debug|x64.ActiveCfg = Debug|x64
		{271D775F-258C-40D5-BD96-A2B8656F38AC}.Debug|x64.Build.0 = Debug|x64
		{271D775F-258C-40D5-BD96-A2B8656F38AC}.Debug|x86.ActiveCfg = Debug|Win32
		{271D775F-258C-40D5-BD96-A2B8656F38AC}.Debug|x86.Build.0 = Debug|Win32
		{271D775F-258C-40D5-BD96-A2B8656F38AC}.Release|x64.ActiveCfg = Release|x64
		{271D775F-258C-40D5-BD96-A2B8656F38AC}.Release|x64.Build.0 = Release|x64
		{271D775F-258C-40D5-BD96-A2B8656F38AC}.Release|x86.ActiveCfg = Release|Win32
		{271D775F-258C-40D5-BD96-A2B8656F38AC}.Release|x86.Build.0 = Release|Win32
		{B30DAD85-C354-47B2-A3E1-CC183E3A95EE}.Debug|x64.ActiveCfg = Debug|x64
		{B30DAD85-C354-47B2-A3E1-CC183E3A95EE}.Debug|x64.Build.0 = Debug|x64
		{B30DAD85-C354-47B2-A3E1-CC183E3A95EE}.Debug|x86.ActiveCfg = Debug|Win32
		{B30DAD85-C354-47B2-A3E1-CC183E3A95EE}.Debug|x86.Build.0 = Debug|Win32
		{B30DAD85-C354-47B2-A3E1-CC183E3A95EE}.Release|x64.ActiveCfg = Release|x64
		{B30DAD85-C354-47B2-A3E1-CC183E3A95EE}.Release|x64.Build.0 = Release|x64
		{B30DAD85-C354-47B2-A3E1-CC183E3A95EE}.Release|x86.ActiveCfg = Release|Win32
		{B30DAD85-C354-47B2-A3E1-CC183E3A95EE}.Release|x86.Build.0 = Release|Win32
	EndGlobalSection
	GlobalSection(SolutionProperties) = preSolution
		HideSolutionNode = FALSE
	EndGlobalSection
	GlobalSection(ExtensibilityGlobals) = postSolution
		SolutionGuid = {7819AB78-47C0-4FB4-A37E-410844E96F15}
	EndGlobalSection
EndGlobal
