
Microsoft Visual Studio Solution File, Format Version 12.00
# Visual Studio 15
VisualStudioVersion = 15.0.28307.1433
MinimumVisualStudioVersion = 10.0.40219.1
Project("{8BC9CEB8-8B4A-11D0-8D11-00A0C91BC942}") = "Project1", "Project1\Project1.vcxproj", "{CDE52C15-2189-4CB9-95BD-E1D36B094B62}"
EndProject
Global
	GlobalSection(SolutionConfigurationPlatforms) = preSolution
		Debug|x64 = Debug|x64
		Debug|x86 = Debug|x86
		Release|x64 = Release|x64
		Release|x86 = Release|x86
	EndGlobalSection
	GlobalSection(ProjectConfigurationPlatforms) = postSolution
		{CDE52C15-2189-4CB9-95BD-E1D36B094B62}.Debug|x64.ActiveCfg = Debug|x64
		{CDE52C15-2189-4CB9-95BD-E1D36B094B62}.Debug|x64.Build.0 = Debug|x64
		{CDE52C15-2189-4CB9-95BD-E1D36B094B62}.Debug|x86.ActiveCfg = Debug|Win32
		{CDE52C15-2189-4CB9-95BD-E1D36B094B62}.Debug|x86.Build.0 = Debug|Win32
		{CDE52C15-2189-4CB9-95BD-E1D36B094B62}.Release|x64.ActiveCfg = Release|x64
		{CDE52C15-2189-4CB9-95BD-E1D36B094B62}.Release|x64.Build.0 = Release|x64
		{CDE52C15-2189-4CB9-95BD-E1D36B094B62}.Release|x86.ActiveCfg = Release|Win32
		{CDE52C15-2189-4CB9-95BD-E1D36B094B62}.Release|x86.Build.0 = Release|Win32
	EndGlobalSection
	GlobalSection(SolutionProperties) = preSolution
		HideSolutionNode = FALSE
	EndGlobalSection
	GlobalSection(ExtensibilityGlobals) = postSolution
		SolutionGuid = {92E45788-96AC-4687-837B-267470FEC05F}
	EndGlobalSection
EndGlobal
