
Microsoft Visual Studio Solution File, Format Version 12.00
# Visual Studio 15
VisualStudioVersion = 15.0.28307.1433
MinimumVisualStudioVersion = 10.0.40219.1
Project("{8BC9CEB8-8B4A-11D0-8D11-00A0C91BC942}") = "Project1", "Project1\Project1.vcxproj", "{105BEE9F-0288-482E-A70B-9A18457271DE}"
EndProject
Global
	GlobalSection(SolutionConfigurationPlatforms) = preSolution
		Debug|x64 = Debug|x64
		Debug|x86 = Debug|x86
		Release|x64 = Release|x64
		Release|x86 = Release|x86
	EndGlobalSection
	GlobalSection(ProjectConfigurationPlatforms) = postSolution
		{105BEE9F-0288-482E-A70B-9A18457271DE}.Debug|x64.ActiveCfg = Debug|x64
		{105BEE9F-0288-482E-A70B-9A18457271DE}.Debug|x64.Build.0 = Debug|x64
		{105BEE9F-0288-482E-A70B-9A18457271DE}.Debug|x86.ActiveCfg = Debug|Win32
		{105BEE9F-0288-482E-A70B-9A18457271DE}.Debug|x86.Build.0 = Debug|Win32
		{105BEE9F-0288-482E-A70B-9A18457271DE}.Release|x64.ActiveCfg = Release|x64
		{105BEE9F-0288-482E-A70B-9A18457271DE}.Release|x64.Build.0 = Release|x64
		{105BEE9F-0288-482E-A70B-9A18457271DE}.Release|x86.ActiveCfg = Release|Win32
		{105BEE9F-0288-482E-A70B-9A18457271DE}.Release|x86.Build.0 = Release|Win32
	EndGlobalSection
	GlobalSection(SolutionProperties) = preSolution
		HideSolutionNode = FALSE
	EndGlobalSection
	GlobalSection(ExtensibilityGlobals) = postSolution
		SolutionGuid = {D78660D3-BF30-4631-B87B-94DB4713AA42}
	EndGlobalSection
EndGlobal
