
Microsoft Visual Studio Solution File, Format Version 12.00
# Visual Studio 15
VisualStudioVersion = 15.0.28307.1433
MinimumVisualStudioVersion = 10.0.40219.1
Project("{8BC9CEB8-8B4A-11D0-8D11-00A0C91BC942}") = "Project2", "Project2\Project2.vcxproj", "{EDFFDC06-D2AC-46D4-BFC2-2BAE484EB839}"
EndProject
Global
	GlobalSection(SolutionConfigurationPlatforms) = preSolution
		Debug|x64 = Debug|x64
		Debug|x86 = Debug|x86
		Release|x64 = Release|x64
		Release|x86 = Release|x86
	EndGlobalSection
	GlobalSection(ProjectConfigurationPlatforms) = postSolution
		{EDFFDC06-D2AC-46D4-BFC2-2BAE484EB839}.Debug|x64.ActiveCfg = Debug|x64
		{EDFFDC06-D2AC-46D4-BFC2-2BAE484EB839}.Debug|x64.Build.0 = Debug|x64
		{EDFFDC06-D2AC-46D4-BFC2-2BAE484EB839}.Debug|x86.ActiveCfg = Debug|Win32
		{EDFFDC06-D2AC-46D4-BFC2-2BAE484EB839}.Debug|x86.Build.0 = Debug|Win32
		{EDFFDC06-D2AC-46D4-BFC2-2BAE484EB839}.Release|x64.ActiveCfg = Release|x64
		{EDFFDC06-D2AC-46D4-BFC2-2BAE484EB839}.Release|x64.Build.0 = Release|x64
		{EDFFDC06-D2AC-46D4-BFC2-2BAE484EB839}.Release|x86.ActiveCfg = Release|Win32
		{EDFFDC06-D2AC-46D4-BFC2-2BAE484EB839}.Release|x86.Build.0 = Release|Win32
	EndGlobalSection
	GlobalSection(SolutionProperties) = preSolution
		HideSolutionNode = FALSE
	EndGlobalSection
	GlobalSection(ExtensibilityGlobals) = postSolution
		SolutionGuid = {C1E76561-D412-46DD-B673-104A8B19C586}
	EndGlobalSection
EndGlobal
